
Microsoft Visual Studio Solution File, Format Version 12.00
# Visual Studio Version 17
VisualStudioVersion = 17.12.35707.178 d17.12
MinimumVisualStudioVersion = 10.0.40219.1
Project("{FAE04EC0-301F-11D3-BF4B-00C04F79EFBC}") = "Aula", "Aula.csproj", "{0A030B7B-B4B0-4373-8C2E-28BE85790D1F}"
EndProject
Global
	GlobalSection(SolutionConfigurationPlatforms) = preSolution
		Debug|Any CPU = Debug|Any CPU
		Release|Any CPU = Release|Any CPU
	EndGlobalSection
	GlobalSection(ProjectConfigurationPlatforms) = postSolution
		{0A030B7B-B4B0-4373-8C2E-28BE85790D1F}.Debug|Any CPU.ActiveCfg = Debug|Any CPU
		{0A030B7B-B4B0-4373-8C2E-28BE85790D1F}.Debug|Any CPU.Build.0 = Debug|Any CPU
		{0A030B7B-B4B0-4373-8C2E-28BE85790D1F}.Release|Any CPU.ActiveCfg = Release|Any CPU
		{0A030B7B-B4B0-4373-8C2E-28BE85790D1F}.Release|Any CPU.Build.0 = Release|Any CPU
	EndGlobalSection
	GlobalSection(SolutionProperties) = preSolution
		HideSolutionNode = FALSE
	EndGlobalSection
EndGlobal
