
Microsoft Visual Studio Solution File, Format Version 12.00
Project("{FAE04EC0-301F-11D3-BF4B-00C04F79EFBC}") = "TesteDePerformance2", "TesteDePerformance2.csproj", "{1F12B597-7781-42B8-A0BD-F1D6A05BE64F}"
EndProject
Global
	GlobalSection(SolutionConfigurationPlatforms) = preSolution
		Debug|Any CPU = Debug|Any CPU
		Release|Any CPU = Release|Any CPU
	EndGlobalSection
	GlobalSection(ProjectConfigurationPlatforms) = postSolution
		{1F12B597-7781-42B8-A0BD-F1D6A05BE64F}.Debug|Any CPU.ActiveCfg = Debug|Any CPU
		{1F12B597-7781-42B8-A0BD-F1D6A05BE64F}.Debug|Any CPU.Build.0 = Debug|Any CPU
		{1F12B597-7781-42B8-A0BD-F1D6A05BE64F}.Release|Any CPU.ActiveCfg = Release|Any CPU
		{1F12B597-7781-42B8-A0BD-F1D6A05BE64F}.Release|Any CPU.Build.0 = Release|Any CPU
	EndGlobalSection
EndGlobal
